<?xml version="1.0" encoding="utf-8"?>
<Project ToolsVersion="4.0" xmlns="http://schemas.microsoft.com/developer/msbuild/2003">
  <ItemGroup>
    <ClCompile Include="CUDA_tester.cpp">
      <Filter>src</Filter>
    </ClCompile>
    <ClCompile Include="main.cpp">
      <Filter>src</Filter>
    </ClCompile>
    <ClCompile Include="ImageEditor.cpp">
      <Filter>src</Filter>
    </ClCompile>
  </ItemGroup>
  <ItemGroup>
    <QtRcc Include="CUDA_tester.qrc" />
  </ItemGroup>
  <ItemGroup>
    <Filter Include="src">
      <UniqueIdentifier>{a3761509-c122-4ae7-928a-ad8d6c76dc0a}</UniqueIdentifier>
    </Filter>
    <Filter Include="ui">
      <UniqueIdentifier>{d17c75bc-b2d0-478a-b246-6079c3bce276}</UniqueIdentifier>
    </Filter>
    <Filter Include="h">
      <UniqueIdentifier>{04dad3e3-837e-47b1-9b77-30182e18f257}</UniqueIdentifier>
    </Filter>
  </ItemGroup>
  <ItemGroup>
    <QtUic Include="CUDA_tester.ui">
      <Filter>ui</Filter>
    </QtUic>
  </ItemGroup>
  <ItemGroup>
    <QtMoc Include="CUDA_tester.h">
      <Filter>h</Filter>
    </QtMoc>
  </ItemGroup>
  <ItemGroup>
    <ClInclude Include="ImageEditor.h">
      <Filter>h</Filter>
    </ClInclude>
  </ItemGroup>
  <ItemGroup>
    <None Include="ImageEditor.cuh">
      <Filter>h</Filter>
    </None>
    <None Include="ImageEditor.cu">
      <Filter>src</Filter>
    </None>
  </ItemGroup>
</Project>